<?xml version="1.0" encoding="utf-8"?>
<Project ToolsVersion="4.0" xmlns="http://schemas.microsoft.com/developer/msbuild/2003">
  <ItemGroup>
    <FxCompile Include="Resources\Shaders\LambertObject.PS.hlsl" />
    <FxCompile Include="Resources\Shaders\LambertObject.VS.hlsl" />
    <FxCompile Include="Resources\Shaders\LightObject.PS.hlsl" />
    <FxCompile Include="Resources\Shaders\LightObject.VS.hlsl" />
    <FxCompile Include="Resources\Shaders\NormalObject3d.PS.hlsl" />
    <FxCompile Include="Resources\Shaders\NormalObject3d.VS.hlsl" />
    <FxCompile Include="Resources\Shaders\ParticleObject3D.PS.hlsl" />
    <FxCompile Include="Resources\Shaders\ParticleObject3D.VS.hlsl" />
    <FxCompile Include="Resources\Shaders\PhongNormalMap.PS.hlsl" />
    <FxCompile Include="Resources\Shaders\PhongNormalMap.VS.hlsl" />
    <FxCompile Include="Resources\Shaders\PhongObject.PS.hlsl" />
    <FxCompile Include="Resources\Shaders\PhongObject.VS.hlsl" />
    <FxCompile Include="Resources\Shaders\SpriteObject3d.PS.hlsl" />
    <FxCompile Include="Resources\Shaders\SpriteObject3d.VS.hlsl" />
    <FxCompile Include="Resources\Shaders\LineObject3d.VS.hlsl" />
    <FxCompile Include="Resources\Shaders\LineObject3d.PS.hlsl" />
    <FxCompile Include="Resources\Shaders\Object3d.VS.hlsl" />
    <FxCompile Include="Resources\Shaders\Object3d.PS.hlsl" />
    <FxCompile Include="Resources\Shaders\PostEffect.VS.hlsl" />
    <FxCompile Include="Resources\Shaders\PostEffect.PS.hlsl" />
    <FxCompile Include="Resources\Shaders\PostEffect\BoxFilter\BoxFilter.PS.hlsl" />
    <FxCompile Include="Resources\Shaders\PostEffect\Dissolve\Dissolve.PS.hlsl" />
    <FxCompile Include="Resources\Shaders\PostEffect\GaussianFilter\GaussianFilter.PS.hlsl" />
    <FxCompile Include="Resources\Shaders\PostEffect\OutLine\OutLine.PS.hlsl" />
    <FxCompile Include="Resources\Shaders\PostEffect\SepiaTone\SepiaTone.PS.hlsl" />
    <FxCompile Include="Resources\Shaders\PostEffect\Vignetting\Vignetting.PS.hlsl" />
    <FxCompile Include="Resources\Shaders\PostEffect\RadialBlur\RadialBlur.PS.hlsl" />
    <FxCompile Include="Resources\Shaders\PostEffect\GrayScale\GrayScale.PS.hlsl" />
    <FxCompile Include="Resources\Shaders\PostEffect\Random\Random.PS.hlsl" />
    <FxCompile Include="Resources\Shaders\PostEffect\ColorGrading\ColorGrading.PS.hlsl" />
    <FxCompile Include="Resources\Shaders\SkinningObject3d.PS.hlsl" />
    <FxCompile Include="Resources\Shaders\SkinningObject3d.VS.hlsl" />
    <FxCompile Include="Resources\Shaders\PostEffect\Grain\Grain.PS.hlsl" />
    <FxCompile Include="Resources\Shaders\PostEffect\Absent\Absent.PS.hlsl" />
    <FxCompile Include="Resources\Shaders\Skybox\Skybox.VS.hlsl" />
    <FxCompile Include="Resources\Shaders\Skybox\Skybox.PS.hlsl" />
  </ItemGroup>
  <ItemGroup>
    <ClCompile Include="externals\imgui\imgui.cpp" />
    <ClCompile Include="externals\imgui\imgui_demo.cpp" />
    <ClCompile Include="externals\imgui\imgui_draw.cpp" />
    <ClCompile Include="externals\imgui\imgui_impl_dx12.cpp" />
    <ClCompile Include="externals\imgui\imgui_impl_win32.cpp" />
    <ClCompile Include="externals\imgui\imgui_tables.cpp" />
    <ClCompile Include="externals\imgui\imgui_widgets.cpp" />
    <ClCompile Include="main.cpp" />
    <ClCompile Include="Project\GameManager\GameManager.cpp" />
    <ClCompile Include="Project\GameObject\Camera\Camera.cpp" />
    <ClCompile Include="Project\GameObject\Terrain\Ground\Ground.cpp" />
    <ClCompile Include="Project\GameObject\Terrain\Skydome\Skydome.cpp" />
    <ClCompile Include="Project\Math\MathFunction\MathFunction.cpp" />
    <ClCompile Include="Project\Math\MathQuaternion\MathQuaternion.cpp" />
    <ClCompile Include="Project\Math\MathStructure\Matrix\Matrix.cpp" />
    <ClCompile Include="Project\Math\MathStructure\Vector\Vector.cpp" />
    <ClCompile Include="Project\Math\MyParlinNoise\ParlinNoise.cpp" />
    <ClCompile Include="externals\imgui\imgui.cpp" />
    <ClCompile Include="externals\imgui\imgui_demo.cpp" />
    <ClCompile Include="externals\imgui\imgui_draw.cpp" />
    <ClCompile Include="externals\imgui\imgui_impl_dx12.cpp" />
    <ClCompile Include="externals\imgui\imgui_impl_win32.cpp" />
    <ClCompile Include="externals\imgui\imgui_tables.cpp" />
    <ClCompile Include="externals\imgui\imgui_widgets.cpp" />
    <ClCompile Include="main.cpp" />
    <ClCompile Include="Project\GameManager\GameManager.cpp" />
    <ClCompile Include="Project\GameObject\Camera\Camera.cpp" />
    <ClCompile Include="Project\GameObject\Terrain\Ground\Ground.cpp" />
    <ClCompile Include="Project\GameObject\Terrain\Skydome\Skydome.cpp" />
    <ClCompile Include="Project\Math\MathFunction\MathFunction.cpp" />
    <ClCompile Include="Project\Math\MathQuaternion\MathQuaternion.cpp" />
    <ClCompile Include="Project\Math\MathStructure\Matrix\Matrix.cpp" />
    <ClCompile Include="Project\Math\MathStructure\Vector\Vector.cpp" />
    <ClCompile Include="Project\Math\MyParlinNoise\ParlinNoise.cpp" />
    <ClCompile Include="Tsumi\2D\Sprite\Sprite.cpp" />
    <ClCompile Include="Tsumi\3D\Model\Model.cpp" />
    <ClCompile Include="Tsumi\3D\Model\ModelManager\ModelManager.cpp" />
    <ClCompile Include="Tsumi\3D\Model\ModelObj\ModelObjState.cpp" />
    <ClCompile Include="Tsumi\3D\Model\ModelObj\ObjDataResource\ObjDataResource.cpp" />
    <ClCompile Include="Tsumi\Audio\Audio.cpp" />
    <ClCompile Include="Tsumi\Audio\AudioDataResource\AudioDataResource.cpp" />
    <ClCompile Include="Tsumi\Base\DXCommon\DirectXCommon.cpp" />
    <ClCompile Include="Tsumi\Base\WinApp\WinApp.cpp" />
    <ClCompile Include="Tsumi\DescriptorManager\DescriptorManager.cpp" />
    <ClCompile Include="Tsumi\Input\Input.cpp" />
    <ClCompile Include="Tsumi\TextureManager\TextureManager.cpp" />
    <ClCompile Include="Tsumi\Transform\WorldTransform\WorldTransform.cpp" />
    <ClCompile Include="Tsumi\Tsumi.cpp" />
    <ClCompile Include="Tsumi\Utilities\CollisionManager\CollisionManager.cpp" />
    <ClCompile Include="Tsumi\Utilities\CollisionManager\GeometryCollision\GeometryCollision.cpp" />
    <ClCompile Include="Tsumi\Utilities\CollisionManager\IsCollision\IsCollision.cpp" />
    <ClCompile Include="Tsumi\Utilities\FadeManager\FadeManager.cpp" />
    <ClCompile Include="Tsumi\Utilities\ImGuiManager\ImGuiManager.cpp" />
    <ClCompile Include="Tsumi\Utilities\TimedCall\TimedCall.cpp" />
    <ClCompile Include="Project\Math\MathEasing\MathEasing.cpp" />
    <ClCompile Include="Tsumi\2D\Sprite\Sprite.cpp" />
    <ClCompile Include="Tsumi\3D\Model\Model.cpp" />
    <ClCompile Include="Tsumi\3D\Model\ModelManager\ModelManager.cpp" />
    <ClCompile Include="Tsumi\3D\Model\ModelObj\ModelObjState.cpp" />
    <ClCompile Include="Tsumi\3D\Model\ModelObj\ObjDataResource\ObjDataResource.cpp" />
    <ClCompile Include="Tsumi\Audio\Audio.cpp" />
    <ClCompile Include="Tsumi\Audio\AudioDataResource\AudioDataResource.cpp" />
    <ClCompile Include="Tsumi\Base\DXCommon\DirectXCommon.cpp" />
    <ClCompile Include="Tsumi\Base\WinApp\WinApp.cpp" />
    <ClCompile Include="Tsumi\CreateResource\CreateResource.cpp" />
    <ClCompile Include="Tsumi\DescriptorManager\DescriptorManager.cpp" />
    <ClCompile Include="Tsumi\Input\Input.cpp" />
    <ClCompile Include="Tsumi\TextureManager\TextureManager.cpp" />
    <ClCompile Include="Tsumi\Transform\WorldTransform\WorldTransform.cpp" />
    <ClCompile Include="Tsumi\Tsumi.cpp" />
    <ClCompile Include="Tsumi\Utilities\CollisionManager\CollisionManager.cpp" />
    <ClCompile Include="Tsumi\Utilities\CollisionManager\GeometryCollision\GeometryCollision.cpp" />
    <ClCompile Include="Tsumi\Utilities\CollisionManager\IsCollision\IsCollision.cpp" />
    <ClCompile Include="Tsumi\Utilities\FadeManager\FadeManager.cpp" />
    <ClCompile Include="Tsumi\Utilities\ImGuiManager\ImGuiManager.cpp" />
    <ClCompile Include="Tsumi\Utilities\TimedCall\TimedCall.cpp" />
    <ClCompile Include="Tsumi\Utilities\TextLog\TextLog.cpp" />
    <ClCompile Include="Tsumi\3D\DrawSystem\DrawSystem.cpp" />
    <ClCompile Include="Tsumi\Particle\ParticleSystem\ParticleSystem.cpp" />
    <ClCompile Include="Tsumi\Particle\ParticleRenderer\ParticleRenderer.cpp" />
    <ClCompile Include="Tsumi\Particle\ParticleEmitter\ParticleEmitter.cpp" />
    <ClCompile Include="Tsumi\Particle\ParticleManager\ParticleManager.cpp" />
    <ClCompile Include="Tsumi\Particle\BaseParticle\BaseParticle.cpp" />
    <ClCompile Include="Tsumi\Utilities\Timer\Timer.cpp" />
    <ClCompile Include="Tsumi\Particle\ParticleArray\ParticleArray.cpp" />
    <ClCompile Include="Tsumi\PostEffect\PostEffect.cpp" />
    <ClCompile Include="Project\GameObject\Others\TestObject\TestObject.cpp" />
    <ClCompile Include="Tsumi\3D\Model\ModelGLTF\ModelGLTFState.cpp" />
    <ClCompile Include="Tsumi\Animation\AnimationManager\AnimationManager.cpp" />
    <ClCompile Include="Tsumi\Animation\KeyFrameAnimation\KeyFrameAnimation.cpp" />
    <ClCompile Include="Tsumi\Animation\AnimationDataArray\AnimationDataArray.cpp" />
    <ClCompile Include="Project\GameObject\Others\TestAnimationCube\TestAnimationCube.cpp" />
    <ClCompile Include="Project\GameObject\Others\TestHuman\TestHuman.cpp" />
    <ClCompile Include="Tsumi\Transform\Transform.cpp" />
    <ClCompile Include="Tsumi\View\RTVManager\RTVManager.cpp" />
    <ClCompile Include="Tsumi\View\SRVManager\SRVManager.cpp" />
    <ClCompile Include="Project\GameObject\Effect\TestPostEffect\TestPostEffect.cpp" />
    <ClCompile Include="Tsumi\FileManager\FileManager.cpp" />
    <ClCompile Include="Project\GameObject\Others\TestJsonObject\TestJsonObject.cpp" />
    <ClCompile Include="Tsumi\CommandManager\CommandManager.cpp" />
    <ClCompile Include="Tsumi\Utilities\EnumUtilities\EnumUtilities.cpp" />
    <ClCompile Include="Tsumi\PipeLineManager\IPipeLineState\IPipeLineState.cpp" />
    <ClCompile Include="Tsumi\PipeLineManager\PostEffectPipeLine\BoxFilterPipeLine\BoxFilterPipeLine.cpp" />
    <ClCompile Include="Tsumi\PipeLineManager\PostEffectPipeLine\DissolvePipeLine\DissolvePipeLine.cpp" />
    <ClCompile Include="Tsumi\PipeLineManager\PostEffectPipeLine\GaussianFilterPipeLine\GaussianFilterPipeLine.cpp" />
    <ClCompile Include="Tsumi\PipeLineManager\PostEffectPipeLine\GrayScalePipeLine\GrayScalePipeLine.cpp" />
    <ClCompile Include="Tsumi\PipeLineManager\PostEffectPipeLine\RandomPipeLine\RandomPipeLine.cpp" />
    <ClCompile Include="Tsumi\PipeLineManager\PostEffectPipeLine\SepiaTonePipeLine\SepiaTonePipeLine.cpp" />
    <ClCompile Include="Tsumi\PipeLineManager\PostEffectPipeLine\VignettingPipeLine\VignettingPipeLine.cpp" />
    <ClCompile Include="Tsumi\PipeLineManager\ModelPipeLine\LambertPipeLine\LambertPipeLine.cpp" />
    <ClCompile Include="Tsumi\PipeLineManager\ModelPipeLine\LightPipeLine\LightPipeLine.cpp" />
    <ClCompile Include="Tsumi\PipeLineManager\ModelPipeLine\LinePipeLine\LinePipeLine.cpp" />
    <ClCompile Include="Tsumi\PipeLineManager\ModelPipeLine\NormalPipeLine\NormalPipeLine.cpp" />
    <ClCompile Include="Tsumi\PipeLineManager\ModelPipeLine\Object3DPipeLine\Object3DPipeLine.cpp" />
    <ClCompile Include="Tsumi\PipeLineManager\ModelPipeLine\ParticlePipeLine\ParticlePipeLine.cpp" />
    <ClCompile Include="Tsumi\PipeLineManager\ModelPipeLine\PhongNormalMapPipeLine\PhongNormalMapPipeLine.cpp" />
    <ClCompile Include="Tsumi\PipeLineManager\ModelPipeLine\PhongPipeLine\PhongPipeLine.cpp" />
    <ClCompile Include="Tsumi\PipeLineManager\ModelPipeLine\SpritePipeLine\SpritePipeLine.cpp" />
    <ClCompile Include="Tsumi\PipeLineManager\PostEffectPipeLine\OutLinePipeLine\OutLinePipeLine.cpp" />
    <ClCompile Include="Tsumi\PipeLineManager\PostEffectPipeLine\RadialBlurPipeLine\RadialBlurPipeLine.cpp" />
    <ClCompile Include="Tsumi\PipeLineManager\PostEffectPipeLine\ColorGradingPipeLine\ColorGradingPipeLine.cpp" />
    <ClCompile Include="Tsumi\PipeLineManager\PipeLineManager.cpp" />
    <ClCompile Include="Tsumi\ShaderManager\ShaderManager.cpp" />
    <ClCompile Include="Tsumi\3D\Model\ModelStructure\Material\Material.cpp" />
    <ClCompile Include="Tsumi\3D\Model\ModelStructure\Mesh\Mesh.cpp" />
    <ClCompile Include="Tsumi\Animation\AnimationStructure\JointWeightData\JointWeightData.cpp" />
    <ClCompile Include="Tsumi\Animation\AnimationStructure\Joint\Joint.cpp" />
    <ClCompile Include="Tsumi\Animation\AnimationStructure\Node\Node.cpp" />
    <ClCompile Include="Tsumi\Animation\AnimationStructure\QuaternionTransform\QuaternionTransform.cpp" />
    <ClCompile Include="Tsumi\Animation\AnimationStructure\Skeleton\Skeleton.cpp" />
    <ClCompile Include="Tsumi\Animation\AnimationStructure\SkinCluster\SkinCluster.cpp" />
    <ClCompile Include="Tsumi\Animation\AnimationStructure\VertexInfluence\VertexInfluence.cpp" />
    <ClCompile Include="Tsumi\Animation\AnimationStructure\VertexWeightData\VertexWeightData.cpp" />
    <ClCompile Include="Project\GameObject\Character\Player\Player.cpp" />
    <ClCompile Include="Project\GameObject\Character\Player\Bullet\PlayerBullet.cpp" />
    <ClCompile Include="Tsumi\Animation\AnimationStructure\WellForGPU\WellForGPU.cpp" />
    <ClCompile Include="Tsumi\PipeLineManager\ModelPipeLine\SkinningObject3dPipeLine\SkinningObject3dPipeLine.cpp" />
    <ClCompile Include="Tsumi\PipeLineManager\PostEffectPipeLine\GrainPipeLine\GrainPipeLine.cpp" />
    <ClCompile Include="Tsumi\CreateResource\CreateResource.cpp" />
    <ClCompile Include="Tsumi\PipeLineManager\PostEffectPipeLine\AbsentPipeLine\AbsentPipeLine.cpp" />
    <ClCompile Include="Tsumi\PostEffect\IPostEffect\BoxFilter\BoxFilterEffect.cpp" />
    <ClCompile Include="Project\GameObject\Terrain\Skybox\Skybox.cpp" />
    <ClCompile Include="Tsumi\PipeLineManager\ModelPipeLine\SkyboxPipeLine\SkyboxPipeLine.cpp" />
    <ClCompile Include="Project\GameObject\Character\EnemyManager\EnemyManager.cpp" />
    <ClCompile Include="Project\GameObject\Character\EnemyManager\Enemy\Enemy.cpp" />
    <ClCompile Include="Project\GameObject\Character\EnemyManager\Bullet\EnemyBullet.cpp" />
    <ClCompile Include="Project\Scene\GameScene\GameScene.cpp" />
    <ClCompile Include="Project\Scene\DebugScene\DebugScene.cpp" />
    <ClCompile Include="Tsumi\PostEffect\IPostEffect\Absent\AbsentEffect.cpp" />
    <ClCompile Include="Tsumi\PostEffect\IPostEffect\ColorGrading\ColorGradingEffect.cpp" />
    <ClCompile Include="Tsumi\PostEffect\IPostEffect\Dissolve\DissolveEffect.cpp" />
    <ClCompile Include="Tsumi\PostEffect\IPostEffect\GaussianFilter\GaussianFilterEffect.cpp" />
    <ClCompile Include="Tsumi\PostEffect\IPostEffect\Grain\GrainEffect.cpp" />
    <ClCompile Include="Tsumi\PostEffect\IPostEffect\GrayScale\GrayScaleEffect.cpp" />
    <ClCompile Include="Tsumi\PostEffect\IPostEffect\LuminanceOutLine\LuminanceOutLineEffect.cpp" />
    <ClCompile Include="Tsumi\PostEffect\IPostEffect\RadialBlur\RadialBlurEffect.cpp" />
    <ClCompile Include="Tsumi\PostEffect\IPostEffect\Random\RandomEffect.cpp" />
    <ClCompile Include="Tsumi\PostEffect\IPostEffect\SepiaTone\SepiaToneEffect.cpp" />
    <ClCompile Include="Tsumi\PostEffect\IPostEffect\Vignetting\VignettingEffect.cpp" />
    <ClCompile Include="Project\GameObject\Character\EnemyManager\IState\Spawn\IEnemySpawnState.cpp" />
    <ClCompile Include="Project\GameObject\Character\EnemyManager\IState\Death\IEnemyDeathState.cpp" />
    <ClCompile Include="Project\GameObject\Character\EnemyManager\IState\Approach\IEnemyApproachState.cpp" />
    <ClCompile Include="Tsumi\JsonManager\JsonManager.cpp" />
  </ItemGroup>
  <ItemGroup>
    <ClInclude Include="externals\imgui\imconfig.h" />
    <ClInclude Include="externals\imgui\imgui.h" />
    <ClInclude Include="externals\imgui\imgui_impl_dx12.h" />
    <ClInclude Include="externals\imgui\imgui_impl_win32.h" />
    <ClInclude Include="externals\imgui\imgui_internal.h" />
    <ClInclude Include="externals\imgui\imstb_rectpack.h" />
    <ClInclude Include="externals\imgui\imstb_textedit.h" />
    <ClInclude Include="externals\imgui\imstb_truetype.h" />
    <ClInclude Include="externals\imgui\imconfig.h" />
    <ClInclude Include="externals\imgui\imgui.h" />
    <ClInclude Include="externals\imgui\imgui_impl_dx12.h" />
    <ClInclude Include="externals\imgui\imgui_impl_win32.h" />
    <ClInclude Include="externals\imgui\imgui_internal.h" />
    <ClInclude Include="externals\imgui\imstb_rectpack.h" />
    <ClInclude Include="externals\imgui\imstb_textedit.h" />
    <ClInclude Include="externals\imgui\imstb_truetype.h" />
    <ClInclude Include="Project\GameManager\GameManager.h" />
    <ClInclude Include="Project\GameObject\Camera\Camera.h" />
    <ClInclude Include="Project\GameObject\GameObject.h" />
    <ClInclude Include="Project\GameObject\Terrain\Ground\Ground.h" />
    <ClInclude Include="Project\GameObject\Terrain\Skydome\Skydome.h" />
    <ClInclude Include="Project\Math\MathFunction\MathFunction.h" />
    <ClInclude Include="Project\Math\MathOperations\MathOperations.h" />
    <ClInclude Include="Project\Math\MathQuaternion\MathQuaternion.h" />
    <ClInclude Include="Project\Math\MathStructure\Matrix\Matrix.h" />
    <ClInclude Include="Project\Math\MathStructure\Vector\Vector.h" />
    <ClInclude Include="Project\Math\MyMath.h" />
    <ClInclude Include="Project\Math\MyParlinNoise\ParlinNoise.h" />
    <ClInclude Include="Project\math\Struct.h" />
    <ClInclude Include="Project\Scene\IScene.h" />
    <ClInclude Include="Project\GameManager\GameManager.h" />
    <ClInclude Include="Project\GameObject\Camera\Camera.h" />
    <ClInclude Include="Project\GameObject\GameObject.h" />
    <ClInclude Include="Project\GameObject\Terrain\Ground\Ground.h" />
    <ClInclude Include="Project\GameObject\Terrain\Skydome\Skydome.h" />
    <ClInclude Include="Project\Math\MathFunction\MathFunction.h" />
    <ClInclude Include="Project\Math\MathOperations\MathOperations.h" />
    <ClInclude Include="Project\Math\MathQuaternion\MathQuaternion.h" />
    <ClInclude Include="Project\Math\MathStructure\Matrix\Matrix.h" />
    <ClInclude Include="Project\Math\MathStructure\Vector\Vector.h" />
    <ClInclude Include="Project\Math\MyMath.h" />
    <ClInclude Include="Project\Math\MyParlinNoise\ParlinNoise.h" />
    <ClInclude Include="Project\math\Struct.h" />
    <ClInclude Include="Project\Scene\IScene.h" />
    <ClInclude Include="Tsumi\2D\Sprite\Sprite.h" />
    <ClInclude Include="Tsumi\3D\Model\IModelState.h" />
    <ClInclude Include="Tsumi\3D\Model\Model.h" />
    <ClInclude Include="Tsumi\3D\Model\ModelManager\ModelManager.h" />
    <ClInclude Include="Tsumi\3D\Model\ModelObj\ModelObjState.h" />
    <ClInclude Include="Tsumi\3D\Model\ModelObj\ObjDataResource\ObjDataResource.h" />
    <ClInclude Include="Tsumi\Audio\Audio.h" />
    <ClInclude Include="Tsumi\Audio\AudioDataResource\AudioDataResource.h" />
    <ClInclude Include="Tsumi\Base\DXCommon\DirectXCommon.h" />
    <ClInclude Include="Tsumi\Base\WinApp\WinApp.h" />
    <ClInclude Include="Tsumi\DescriptorManager\DescriptorManager.h" />
    <ClInclude Include="Tsumi\Input\Input.h" />
    <ClInclude Include="Tsumi\TextureManager\TextureManager.h" />
    <ClInclude Include="Tsumi\Transform\WorldTransform\WorldTransform.h" />
    <ClInclude Include="Tsumi\Tsumi.h" />
    <ClInclude Include="Tsumi\Utilities\CollisionManager\Collider\AABBCollider.h" />
    <ClInclude Include="Tsumi\Utilities\CollisionManager\Collider\CapsuleCollider.h" />
    <ClInclude Include="Tsumi\Utilities\CollisionManager\Collider\ColliderConfig.h" />
    <ClInclude Include="Tsumi\Utilities\CollisionManager\Collider\OBBCollider.h" />
    <ClInclude Include="Tsumi\Utilities\CollisionManager\Collider\SegmentCollider.h" />
    <ClInclude Include="Tsumi\Utilities\CollisionManager\Collider\SphereCollider.h" />
    <ClInclude Include="Tsumi\Utilities\CollisionManager\CollisionManager.h" />
    <ClInclude Include="Tsumi\Utilities\CollisionManager\CollisionStructures\CollisionStructures.h" />
    <ClInclude Include="Tsumi\Utilities\CollisionManager\GeometryCollision\GeometryCollision.h" />
    <ClInclude Include="Tsumi\Utilities\CollisionManager\IsCollision\IsCollision.h" />
    <ClInclude Include="Tsumi\Utilities\FadeManager\FadeManager.h" />
    <ClInclude Include="Tsumi\Utilities\ImGuiManager\ImGuiManager.h" />
    <ClInclude Include="Tsumi\Utilities\RandomGenerator\RandomGenerator.h" />
    <ClInclude Include="Tsumi\Utilities\TimedCall\TimedCall.h" />
    <ClInclude Include="Tsumi\Utilities\ImGuiManager\JapaneseGlyphArray.h" />
    <ClInclude Include="Project\Math\MathEasing\MathEasing.h" />
    <ClInclude Include="Project\Math\MathGeometry\MathGeometry.h" />
    <ClInclude Include="Tsumi\2D\Sprite\Sprite.h" />
    <ClInclude Include="Tsumi\3D\Model\IModelState.h" />
    <ClInclude Include="Tsumi\3D\Model\Model.h" />
    <ClInclude Include="Tsumi\3D\Model\ModelManager\ModelManager.h" />
    <ClInclude Include="Tsumi\3D\Model\ModelObj\ModelObjState.h" />
    <ClInclude Include="Tsumi\3D\Model\ModelObj\ObjDataResource\ObjDataResource.h" />
    <ClInclude Include="Tsumi\Audio\Audio.h" />
    <ClInclude Include="Tsumi\Audio\AudioDataResource\AudioDataResource.h" />
    <ClInclude Include="Tsumi\Base\DXCommon\DirectXCommon.h" />
    <ClInclude Include="Tsumi\Base\WinApp\WinApp.h" />
    <ClInclude Include="Tsumi\CreateResource\CreateResource.h" />
    <ClInclude Include="Tsumi\DescriptorManager\DescriptorManager.h" />
    <ClInclude Include="Tsumi\Input\Input.h" />
    <ClInclude Include="Tsumi\TextureManager\TextureManager.h" />
    <ClInclude Include="Tsumi\Transform\WorldTransform\WorldTransform.h" />
    <ClInclude Include="Tsumi\Tsumi.h" />
    <ClInclude Include="Tsumi\Utilities\CollisionManager\Collider\AABBCollider.h" />
    <ClInclude Include="Tsumi\Utilities\CollisionManager\Collider\CapsuleCollider.h" />
    <ClInclude Include="Tsumi\Utilities\CollisionManager\Collider\ColliderConfig.h" />
    <ClInclude Include="Tsumi\Utilities\CollisionManager\Collider\OBBCollider.h" />
    <ClInclude Include="Tsumi\Utilities\CollisionManager\Collider\SegmentCollider.h" />
    <ClInclude Include="Tsumi\Utilities\CollisionManager\Collider\SphereCollider.h" />
    <ClInclude Include="Tsumi\Utilities\CollisionManager\CollisionManager.h" />
    <ClInclude Include="Tsumi\Utilities\CollisionManager\CollisionStructures\CollisionStructures.h" />
    <ClInclude Include="Tsumi\Utilities\CollisionManager\GeometryCollision\GeometryCollision.h" />
    <ClInclude Include="Tsumi\Utilities\CollisionManager\IsCollision\IsCollision.h" />
    <ClInclude Include="Tsumi\Utilities\FadeManager\FadeManager.h" />
    <ClInclude Include="Tsumi\Utilities\ImGuiManager\ImGuiManager.h" />
    <ClInclude Include="Tsumi\Utilities\RandomGenerator\RandomGenerator.h" />
    <ClInclude Include="Tsumi\Utilities\TimedCall\TimedCall.h" />
    <ClInclude Include="Tsumi\Utilities\TextLog\TextLog.h" />
    <ClInclude Include="Tsumi\3D\DrawSystem\DrawSystem.h" />
    <ClInclude Include="Tsumi\Particle\ParticleSystem\ParticleSystem.h" />
    <ClInclude Include="Tsumi\Particle\ParticleRenderer\ParticleRenderer.h" />
    <ClInclude Include="Tsumi\Particle\ParticleEmitter\ParticleEmitter.h" />
    <ClInclude Include="Tsumi\Particle\IParticle.h" />
    <ClInclude Include="Tsumi\Particle\ParticleManager\ParticleManager.h" />
    <ClInclude Include="Tsumi\Particle\BaseParticle\BaseParticle.h" />
    <ClInclude Include="Tsumi\Utilities\Timer\Timer.h" />
    <ClInclude Include="Tsumi\Particle\ParticleArray\ParticleArray.h" />
    <ClInclude Include="Tsumi\PostEffect\PostEffect.h" />
    <ClInclude Include="Project\GameObject\Others\TestObject\TestObject.h" />
    <ClInclude Include="Tsumi\3D\Model\ModelGLTF\ModelGLTFState.h" />
    <ClInclude Include="Tsumi\Animation\AnimationManager\AnimationManager.h" />
    <ClInclude Include="Tsumi\Animation\KeyFrameAnimation\KeyFrameAnimation.h" />
    <ClInclude Include="Tsumi\Animation\AnimationDataArray\AnimationDataArray.h" />
    <ClInclude Include="Project\GameObject\Others\TestAnimationCube\TestAnimationCube.h" />
    <ClInclude Include="Project\GameObject\Others\TestHuman\TestHuman.h" />
    <ClInclude Include="Tsumi\Transform\Transform.h" />
    <ClInclude Include="Tsumi\View\RTVManager\RTVManager.h" />
    <ClInclude Include="Tsumi\View\SRVManager\SRVManager.h" />
    <ClInclude Include="Tsumi\PostEffect\IPostEffect\IPostEffect.h" />
    <ClInclude Include="Project\GameObject\Effect\TestPostEffect\TestPostEffect.h" />
    <ClInclude Include="Tsumi\FileManager\FileManager.h" />
    <ClInclude Include="Project\GameObject\Others\TestJsonObject\TestJsonObject.h" />
    <ClInclude Include="Tsumi\CommandManager\CommandManager.h" />
    <ClInclude Include="Tsumi\Utilities\EnumUtilities\EnumUtilities.h" />
    <ClInclude Include="Tsumi\PipeLineManager\IPipeLineState\IPipeLineState.h" />
    <ClInclude Include="Tsumi\PipeLineManager\PostEffectPipeLine\BoxFilterPipeLine\BoxFilterPipeLine.h" />
    <ClInclude Include="Tsumi\PipeLineManager\PostEffectPipeLine\DissolvePipeLine\DissolvePipeLine.h" />
    <ClInclude Include="Tsumi\PipeLineManager\PostEffectPipeLine\GaussianFilterPipeLine\GaussianFilterPipeLine.h" />
    <ClInclude Include="Tsumi\PipeLineManager\PostEffectPipeLine\GrayScalePipeLine\GrayScalePipeLine.h" />
    <ClInclude Include="Tsumi\PipeLineManager\PostEffectPipeLine\RandomPipeLine\RandomPipeLine.h" />
    <ClInclude Include="Tsumi\PipeLineManager\PostEffectPipeLine\SepiaTonePipeLine\SepiaTonePipeLine.h" />
    <ClInclude Include="Tsumi\PipeLineManager\PostEffectPipeLine\VignettingPipeLine\VignettingPipeLine.h" />
    <ClInclude Include="Tsumi\PipeLineManager\ModelPipeLine\LambertPipeLine\LambertPipeLine.h" />
    <ClInclude Include="Tsumi\PipeLineManager\ModelPipeLine\LightPipeLine\LightPipeLine.h" />
    <ClInclude Include="Tsumi\PipeLineManager\ModelPipeLine\LinePipeLine\LinePipeLine.h" />
    <ClInclude Include="Tsumi\PipeLineManager\ModelPipeLine\NormalPipeLine\NormalPipeLine.h" />
    <ClInclude Include="Tsumi\PipeLineManager\ModelPipeLine\Object3DPipeLine\Object3DPipeLine.h" />
    <ClInclude Include="Tsumi\PipeLineManager\ModelPipeLine\ParticlePipeLine\ParticlePipeLine.h" />
    <ClInclude Include="Tsumi\PipeLineManager\ModelPipeLine\PhongNormalMapPipeLine\PhongNormalMapPipeLine.h" />
    <ClInclude Include="Tsumi\PipeLineManager\ModelPipeLine\PhongPipeLine\PhongPipeLine.h" />
    <ClInclude Include="Tsumi\PipeLineManager\ModelPipeLine\SpritePipeLine\SpritePipeLine.h" />
    <ClInclude Include="Tsumi\PipeLineManager\PostEffectPipeLine\OutLinePipeLine\OutLinePipeLine.h" />
    <ClInclude Include="Tsumi\PipeLineManager\PostEffectPipeLine\RadialBlurPipeLine\RadialBlurPipeLine.h" />
    <ClInclude Include="Tsumi\PipeLineManager\PostEffectPipeLine\ColorGradingPipeLine\ColorGradingPipeLine.h" />
    <ClInclude Include="Tsumi\PipeLineManager\PipeLineManager.h" />
    <ClInclude Include="Tsumi\ShaderManager\ShaderManager.h" />
    <ClInclude Include="Tsumi\PipeLineManager\PipeLineStructure\PipeLineStructure.h" />
    <ClInclude Include="Tsumi\Animation\AnimationStructure\JointWeightData\JointWeightData.h" />
    <ClInclude Include="Tsumi\Animation\AnimationStructure\Joint\Joint.h" />
    <ClInclude Include="Tsumi\Animation\AnimationStructure\Node\Node.h" />
    <ClInclude Include="Tsumi\Animation\AnimationStructure\QuaternionTransform\QuaternionTransform.h" />
    <ClInclude Include="Tsumi\Animation\AnimationStructure\Skeleton\Skeleton.h" />
    <ClInclude Include="Tsumi\Animation\AnimationStructure\SkinCluster\SkinCluster.h" />
    <ClInclude Include="Tsumi\Animation\AnimationStructure\VertexInfluence\VertexInfluence.h" />
    <ClInclude Include="Tsumi\Animation\AnimationStructure\VertexWeightData\VertexWeightData.h" />
    <ClInclude Include="Project\GameObject\Character\Player\Player.h" />
    <ClInclude Include="Project\GameObject\Character\Player\Bullet\PlayerBullet.h" />
    <ClInclude Include="Tsumi\Animation\AnimationStructure\WellForGPU\WellForGPU.h" />
    <ClInclude Include="Tsumi\PipeLineManager\ModelPipeLine\SkinningObject3dPipeLine\SkinningObject3dPipeLine.h" />
    <ClInclude Include="Tsumi\PipeLineManager\PostEffectPipeLine\GrainPipeLine\GrainPipeLine.h" />
    <ClInclude Include="Tsumi\PostEffect\Materials\PostEffectMaterials.h" />
    <ClInclude Include="Tsumi\CreateResource\CreateResource.h" />
    <ClInclude Include="Tsumi\BufferResource\BufferResource.h" />
    <ClInclude Include="Tsumi\PipeLineManager\PostEffectPipeLine\AbsentPipeLine\AbsentPipeLine.h" />
    <ClInclude Include="Tsumi\PostEffect\IPostEffect\BoxFilter\BoxFilterEffect.h" />
    <ClInclude Include="Project\GameObject\Terrain\Skybox\Skybox.h" />
    <ClInclude Include="Tsumi\PipeLineManager\ModelPipeLine\SkyboxPipeLine\SkyboxPipeLine.h" />
    <ClInclude Include="Project\GameObject\Character\EnemyManager\EnemyManager.h" />
    <ClInclude Include="Project\GameObject\Character\EnemyManager\Enemy\Enemy.h" />
    <ClInclude Include="Project\GameObject\Character\EnemyManager\Bullet\EnemyBullet.h" />
    <ClInclude Include="Project\Scene\GameScene\GameScene.h" />
    <ClInclude Include="Project\Scene\DebugScene\DebugScene.h" />
    <ClInclude Include="Project\GameObject\Camera\MainCamera\MainCamera.h" />
    <ClInclude Include="Tsumi\PostEffect\IPostEffect\Absent\AbsentEffect.h" />
    <ClInclude Include="Tsumi\PostEffect\IPostEffect\ColorGrading\ColorGradingEffect.h" />
    <ClInclude Include="Tsumi\PostEffect\IPostEffect\Dissolve\DissolveEffect.h" />
    <ClInclude Include="Tsumi\PostEffect\IPostEffect\GaussianFilter\GaussianFilterEffect.h" />
    <ClInclude Include="Tsumi\PostEffect\IPostEffect\Grain\GrainEffect.h" />
    <ClInclude Include="Tsumi\PostEffect\IPostEffect\GrayScale\GrayScaleEffect.h" />
    <ClInclude Include="Tsumi\PostEffect\IPostEffect\LuminanceOutLine\LuminanceOutLineEffect.h" />
    <ClInclude Include="Tsumi\PostEffect\IPostEffect\RadialBlur\RadialBlurEffect.h" />
    <ClInclude Include="Tsumi\PostEffect\IPostEffect\Random\RandomEffect.h" />
    <ClInclude Include="Tsumi\PostEffect\IPostEffect\SepiaTone\SepiaToneEffect.h" />
    <ClInclude Include="Tsumi\PostEffect\IPostEffect\Vignetting\VignettingEffect.h" />
    <ClInclude Include="Project\GameObject\Character\EnemyManager\IState\IEnemyState.h" />
    <ClInclude Include="Project\GameObject\Character\EnemyManager\IState\Spawn\IEnemySpawnState.h" />
    <ClInclude Include="Project\GameObject\Character\EnemyManager\IState\Death\IEnemyDeathState.h" />
    <ClInclude Include="Project\GameObject\Character\EnemyManager\IState\Approach\IEnemyApproachState.h" />
    <ClInclude Include="Tsumi\JsonManager\JsonManager.h" />
  </ItemGroup>
  <ItemGroup>
    <None Include="Resources\Shaders\LambertObject.hlsli" />
    <None Include="Resources\Shaders\LightObject.hlsli" />
    <None Include="Resources\Shaders\NormalObject3d.hlsli" />
    <None Include="Resources\Shaders\ParticleObject3D.hlsli" />
    <None Include="Resources\Shaders\PhongNormalMap.hlsli" />
    <None Include="Resources\Shaders\PhongObject.hlsli" />
    <None Include="Resources\Shaders\SpriteObject3d.hlsli" />
    <None Include="Resources\Shaders\LineObject3d.hlsli" />
    <None Include="Resources\Shaders\Object3d.hlsli" />
    <None Include="Resources\Shaders\MathFunc.hlsli" />
    <None Include="Resources\Shaders\PostEffect.hlsli" />
    <None Include="cpp.hint" />
    <None Include="Resources\Shaders\SkinningObject3d.hlsli" />
    <None Include="Resources\Shaders\Skybox\Skybox.hlsli" />
  </ItemGroup>
  <ItemGroup>
    <Text Include="Project\externals\imgui\LICENSE.txt" />
  </ItemGroup>
</Project>